
Microsoft Visual Studio Solution File, Format Version 12.00
# Visual Studio 15
VisualStudioVersion = 15.0.27428.2037
MinimumVisualStudioVersion = 10.0.40219.1
Project("{FAE04EC0-301F-11D3-BF4B-00C04F79EFBC}") = "RankAPI", "RankAPI\RankAPI.csproj", "{FBA38CD7-8C54-4117-B512-CE7D12B6EC62}"
EndProject
Global
	GlobalSection(SolutionConfigurationPlatforms) = preSolution
		Debug|Any CPU = Debug|Any CPU
		Release|Any CPU = Release|Any CPU
	EndGlobalSection
	GlobalSection(ProjectConfigurationPlatforms) = postSolution
		{FBA38CD7-8C54-4117-B512-CE7D12B6EC62}.Debug|Any CPU.ActiveCfg = Debug|Any CPU
		{FBA38CD7-8C54-4117-B512-CE7D12B6EC62}.Debug|Any CPU.Build.0 = Debug|Any CPU
		{FBA38CD7-8C54-4117-B512-CE7D12B6EC62}.Release|Any CPU.ActiveCfg = Release|Any CPU
		{FBA38CD7-8C54-4117-B512-CE7D12B6EC62}.Release|Any CPU.Build.0 = Release|Any CPU
	EndGlobalSection
	GlobalSection(SolutionProperties) = preSolution
		HideSolutionNode = FALSE
	EndGlobalSection
	GlobalSection(ExtensibilityGlobals) = postSolution
		SolutionGuid = {F9EDCAFD-5CC6-4F1A-A31D-D3251C44CD71}
	EndGlobalSection
EndGlobal
