
Microsoft Visual Studio Solution File, Format Version 12.00
# Visual Studio 15
VisualStudioVersion = 15.0.27428.2011
MinimumVisualStudioVersion = 10.0.40219.1
Project("{FAE04EC0-301F-11D3-BF4B-00C04F79EFBC}") = "RankAPI", "RankAPI\RankAPI.csproj", "{FF80CCF4-B892-46A8-8D7C-085D7EE97A53}"
EndProject
Global
	GlobalSection(SolutionConfigurationPlatforms) = preSolution
		Debug|Any CPU = Debug|Any CPU
		Release|Any CPU = Release|Any CPU
	EndGlobalSection
	GlobalSection(ProjectConfigurationPlatforms) = postSolution
		{FF80CCF4-B892-46A8-8D7C-085D7EE97A53}.Debug|Any CPU.ActiveCfg = Debug|Any CPU
		{FF80CCF4-B892-46A8-8D7C-085D7EE97A53}.Debug|Any CPU.Build.0 = Debug|Any CPU
		{FF80CCF4-B892-46A8-8D7C-085D7EE97A53}.Release|Any CPU.ActiveCfg = Release|Any CPU
		{FF80CCF4-B892-46A8-8D7C-085D7EE97A53}.Release|Any CPU.Build.0 = Release|Any CPU
	EndGlobalSection
	GlobalSection(SolutionProperties) = preSolution
		HideSolutionNode = FALSE
	EndGlobalSection
	GlobalSection(ExtensibilityGlobals) = postSolution
		SolutionGuid = {C52CEB3F-0857-4FC5-A735-5E75A9507587}
	EndGlobalSection
EndGlobal
