
Microsoft Visual Studio Solution File, Format Version 12.00
# Visual Studio 15
VisualStudioVersion = 15.0.27428.2037
MinimumVisualStudioVersion = 10.0.40219.1
Project("{FAE04EC0-301F-11D3-BF4B-00C04F79EFBC}") = "RankAPI", "RankAPI\RankAPI.csproj", "{DA88B661-03E3-448C-8CE8-7725E5DC98E8}"
EndProject
Global
	GlobalSection(SolutionConfigurationPlatforms) = preSolution
		Debug|Any CPU = Debug|Any CPU
		Release|Any CPU = Release|Any CPU
	EndGlobalSection
	GlobalSection(ProjectConfigurationPlatforms) = postSolution
		{DA88B661-03E3-448C-8CE8-7725E5DC98E8}.Debug|Any CPU.ActiveCfg = Debug|Any CPU
		{DA88B661-03E3-448C-8CE8-7725E5DC98E8}.Debug|Any CPU.Build.0 = Debug|Any CPU
		{DA88B661-03E3-448C-8CE8-7725E5DC98E8}.Release|Any CPU.ActiveCfg = Release|Any CPU
		{DA88B661-03E3-448C-8CE8-7725E5DC98E8}.Release|Any CPU.Build.0 = Release|Any CPU
	EndGlobalSection
	GlobalSection(SolutionProperties) = preSolution
		HideSolutionNode = FALSE
	EndGlobalSection
	GlobalSection(ExtensibilityGlobals) = postSolution
		SolutionGuid = {E93A3D41-5FB8-4F9C-8502-53BD8C5DA507}
	EndGlobalSection
EndGlobal
